
Microsoft Visual Studio Solution File, Format Version 12.00
# Visual Studio Version 17
VisualStudioVersion = 17.4.33205.214
MinimumVisualStudioVersion = 10.0.40219.1
Project("{9A19103F-16F7-4668-BE54-9A1E7A4F7556}") = "Genepunch", "Genepunch.csproj", "{88511EDE-7806-4AC9-97EC-6246E0D965B3}"
EndProject
Global
	GlobalSection(SolutionConfigurationPlatforms) = preSolution
		Debug|Any CPU = Debug|Any CPU
		Release|Any CPU = Release|Any CPU
	EndGlobalSection
	GlobalSection(ProjectConfigurationPlatforms) = postSolution
		{88511EDE-7806-4AC9-97EC-6246E0D965B3}.Debug|Any CPU.ActiveCfg = Debug|Any CPU
		{88511EDE-7806-4AC9-97EC-6246E0D965B3}.Debug|Any CPU.Build.0 = Debug|Any CPU
		{88511EDE-7806-4AC9-97EC-6246E0D965B3}.Release|Any CPU.ActiveCfg = Release|Any CPU
		{88511EDE-7806-4AC9-97EC-6246E0D965B3}.Release|Any CPU.Build.0 = Release|Any CPU
	EndGlobalSection
	GlobalSection(SolutionProperties) = preSolution
		HideSolutionNode = FALSE
	EndGlobalSection
	GlobalSection(ExtensibilityGlobals) = postSolution
		SolutionGuid = {D23937F4-0805-4ADF-94FE-8AA9AAB3BE73}
	EndGlobalSection
EndGlobal
